// !$*UTF8*$!
{
	archiveVersion = 1;
	classes = {
	};
	objectVersion = 55;
	objects = {

/* Begin PBXBuildFile section */
		BD7F19412740D23F002FC5B9 /* AppDelegate.swift in Sources */ = {isa = PBXBuildFile; fileRef = BD7F19402740D23F002FC5B9 /* AppDelegate.swift */; };
		BD7F19432740D23F002FC5B9 /* SceneDelegate.swift in Sources */ = {isa = PBXBuildFile; fileRef = BD7F19422740D23F002FC5B9 /* SceneDelegate.swift */; };
		BD7F19452740D23F002FC5B9 /* ConversationsViewController.swift in Sources */ = {isa = PBXBuildFile; fileRef = BD7F19442740D23F002FC5B9 /* ConversationsViewController.swift */; };
		BD7F19482740D23F002FC5B9 /* Main.storyboard in Resources */ = {isa = PBXBuildFile; fileRef = BD7F19462740D23F002FC5B9 /* Main.storyboard */; };
		BD7F194A2740D242002FC5B9 /* Assets.xcassets in Resources */ = {isa = PBXBuildFile; fileRef = BD7F19492740D242002FC5B9 /* Assets.xcassets */; };
		BD7F194D2740D242002FC5B9 /* LaunchScreen.storyboard in Resources */ = {isa = PBXBuildFile; fileRef = BD7F194B2740D242002FC5B9 /* LaunchScreen.storyboard */; };
		BD7F195A2740D4DE002FC5B9 /* LoginViewController.swift in Sources */ = {isa = PBXBuildFile; fileRef = BD7F19592740D4DE002FC5B9 /* LoginViewController.swift */; };
		BD7F195C2740D4EF002FC5B9 /* RegisterViewController.swift in Sources */ = {isa = PBXBuildFile; fileRef = BD7F195B2740D4EF002FC5B9 /* RegisterViewController.swift */; };
		BD7F195E2740D50E002FC5B9 /* PhotoViewerViewController.swift in Sources */ = {isa = PBXBuildFile; fileRef = BD7F195D2740D50E002FC5B9 /* PhotoViewerViewController.swift */; };
		BD7F19602740D523002FC5B9 /* VideoPlayerViewController.swift in Sources */ = {isa = PBXBuildFile; fileRef = BD7F195F2740D523002FC5B9 /* VideoPlayerViewController.swift */; };
		BD7F19622740D546002FC5B9 /* NewConversationViewController.swift in Sources */ = {isa = PBXBuildFile; fileRef = BD7F19612740D546002FC5B9 /* NewConversationViewController.swift */; };
		BD7F19642740D55A002FC5B9 /* ProfileViewController.swift in Sources */ = {isa = PBXBuildFile; fileRef = BD7F19632740D55A002FC5B9 /* ProfileViewController.swift */; };
/* End PBXBuildFile section */

/* Begin PBXFileReference section */
		BD7F193D2740D23F002FC5B9 /* Nkata.app */ = {isa = PBXFileReference; explicitFileType = wrapper.application; includeInIndex = 0; path = Nkata.app; sourceTree = BUILT_PRODUCTS_DIR; };
		BD7F19402740D23F002FC5B9 /* AppDelegate.swift */ = {isa = PBXFileReference; lastKnownFileType = sourcecode.swift; path = AppDelegate.swift; sourceTree = "<group>"; };
		BD7F19422740D23F002FC5B9 /* SceneDelegate.swift */ = {isa = PBXFileReference; lastKnownFileType = sourcecode.swift; path = SceneDelegate.swift; sourceTree = "<group>"; };
		BD7F19442740D23F002FC5B9 /* ConversationsViewController.swift */ = {isa = PBXFileReference; lastKnownFileType = sourcecode.swift; path = ConversationsViewController.swift; sourceTree = "<group>"; };
		BD7F19472740D23F002FC5B9 /* Base */ = {isa = PBXFileReference; lastKnownFileType = file.storyboard; name = Base; path = Base.lproj/Main.storyboard; sourceTree = "<group>"; };
		BD7F19492740D242002FC5B9 /* Assets.xcassets */ = {isa = PBXFileReference; lastKnownFileType = folder.assetcatalog; path = Assets.xcassets; sourceTree = "<group>"; };
		BD7F194C2740D242002FC5B9 /* Base */ = {isa = PBXFileReference; lastKnownFileType = file.storyboard; name = Base; path = Base.lproj/LaunchScreen.storyboard; sourceTree = "<group>"; };
		BD7F194E2740D242002FC5B9 /* Info.plist */ = {isa = PBXFileReference; lastKnownFileType = text.plist.xml; path = Info.plist; sourceTree = "<group>"; };
		BD7F19592740D4DE002FC5B9 /* LoginViewController.swift */ = {isa = PBXFileReference; lastKnownFileType = sourcecode.swift; path = LoginViewController.swift; sourceTree = "<group>"; };
		BD7F195B2740D4EF002FC5B9 /* RegisterViewController.swift */ = {isa = PBXFileReference; lastKnownFileType = sourcecode.swift; path = RegisterViewController.swift; sourceTree = "<group>"; };
		BD7F195D2740D50E002FC5B9 /* PhotoViewerViewController.swift */ = {isa = PBXFileReference; lastKnownFileType = sourcecode.swift; path = PhotoViewerViewController.swift; sourceTree = "<group>"; };
		BD7F195F2740D523002FC5B9 /* VideoPlayerViewController.swift */ = {isa = PBXFileReference; lastKnownFileType = sourcecode.swift; path = VideoPlayerViewController.swift; sourceTree = "<group>"; };
		BD7F19612740D546002FC5B9 /* NewConversationViewController.swift */ = {isa = PBXFileReference; lastKnownFileType = sourcecode.swift; path = NewConversationViewController.swift; sourceTree = "<group>"; };
		BD7F19632740D55A002FC5B9 /* ProfileViewController.swift */ = {isa = PBXFileReference; lastKnownFileType = sourcecode.swift; path = ProfileViewController.swift; sourceTree = "<group>"; };
/* End PBXFileReference section */

/* Begin PBXFrameworksBuildPhase section */
		BD7F193A2740D23F002FC5B9 /* Frameworks */ = {
			isa = PBXFrameworksBuildPhase;
			buildActionMask = 2147483647;
			files = (
			);
			runOnlyForDeploymentPostprocessing = 0;
		};
/* End PBXFrameworksBuildPhase section */

/* Begin PBXGroup section */
		BD7F19342740D23F002FC5B9 = {
			isa = PBXGroup;
			children = (
				BD7F193F2740D23F002FC5B9 /* Nkata */,
				BD7F193E2740D23F002FC5B9 /* Products */,
			);
			sourceTree = "<group>";
		};
		BD7F193E2740D23F002FC5B9 /* Products */ = {
			isa = PBXGroup;
			children = (
				BD7F193D2740D23F002FC5B9 /* Nkata.app */,
			);
			name = Products;
			sourceTree = "<group>";
		};
		BD7F193F2740D23F002FC5B9 /* Nkata */ = {
			isa = PBXGroup;
			children = (
				BD7F19572740D366002FC5B9 /* Resources */,
				BD7F19562740D355002FC5B9 /* ViewModel */,
				BD7F19552740D34D002FC5B9 /* View */,
				BD7F19542740D342002FC5B9 /* Controller */,
				BD7F194E2740D242002FC5B9 /* Info.plist */,
			);
			path = Nkata;
			sourceTree = "<group>";
		};
		BD7F19542740D342002FC5B9 /* Controller */ = {
			isa = PBXGroup;
			children = (
				BD7F19442740D23F002FC5B9 /* ConversationsViewController.swift */,
				BD7F19592740D4DE002FC5B9 /* LoginViewController.swift */,
				BD7F195B2740D4EF002FC5B9 /* RegisterViewController.swift */,
				BD7F195D2740D50E002FC5B9 /* PhotoViewerViewController.swift */,
				BD7F195F2740D523002FC5B9 /* VideoPlayerViewController.swift */,
				BD7F19612740D546002FC5B9 /* NewConversationViewController.swift */,
				BD7F19632740D55A002FC5B9 /* ProfileViewController.swift */,
			);
			path = Controller;
			sourceTree = "<group>";
		};
		BD7F19552740D34D002FC5B9 /* View */ = {
			isa = PBXGroup;
			children = (
				BD7F19582740D396002FC5B9 /* Storyboard */,
				BD7F19492740D242002FC5B9 /* Assets.xcassets */,
			);
			path = View;
			sourceTree = "<group>";
		};
		BD7F19562740D355002FC5B9 /* ViewModel */ = {
			isa = PBXGroup;
			children = (
			);
			path = ViewModel;
			sourceTree = "<group>";
		};
		BD7F19572740D366002FC5B9 /* Resources */ = {
			isa = PBXGroup;
			children = (
				BD7F19402740D23F002FC5B9 /* AppDelegate.swift */,
				BD7F19422740D23F002FC5B9 /* SceneDelegate.swift */,
			);
			path = Resources;
			sourceTree = "<group>";
		};
		BD7F19582740D396002FC5B9 /* Storyboard */ = {
			isa = PBXGroup;
			children = (
				BD7F19462740D23F002FC5B9 /* Main.storyboard */,
				BD7F194B2740D242002FC5B9 /* LaunchScreen.storyboard */,
			);
			path = Storyboard;
			sourceTree = "<group>";
		};
/* End PBXGroup section */

/* Begin PBXNativeTarget section */
		BD7F193C2740D23F002FC5B9 /* Nkata */ = {
			isa = PBXNativeTarget;
			buildConfigurationList = BD7F19512740D242002FC5B9 /* Build configuration list for PBXNativeTarget "Nkata" */;
			buildPhases = (
				BD7F19392740D23F002FC5B9 /* Sources */,
				BD7F193A2740D23F002FC5B9 /* Frameworks */,
				BD7F193B2740D23F002FC5B9 /* Resources */,
			);
			buildRules = (
			);
			dependencies = (
			);
			name = Nkata;
			productName = Nkata;
			productReference = BD7F193D2740D23F002FC5B9 /* Nkata.app */;
			productType = "com.apple.product-type.application";
		};
/* End PBXNativeTarget section */

/* Begin PBXProject section */
		BD7F19352740D23F002FC5B9 /* Project object */ = {
			isa = PBXProject;
			attributes = {
				BuildIndependentTargetsInParallel = 1;
				LastSwiftUpdateCheck = 1310;
				LastUpgradeCheck = 1310;
				TargetAttributes = {
					BD7F193C2740D23F002FC5B9 = {
						CreatedOnToolsVersion = 13.1;
					};
				};
			};
			buildConfigurationList = BD7F19382740D23F002FC5B9 /* Build configuration list for PBXProject "Nkata" */;
			compatibilityVersion = "Xcode 13.0";
			developmentRegion = en;
			hasScannedForEncodings = 0;
			knownRegions = (
				en,
				Base,
			);
			mainGroup = BD7F19342740D23F002FC5B9;
			productRefGroup = BD7F193E2740D23F002FC5B9 /* Products */;
			projectDirPath = "";
			projectRoot = "";
			targets = (
				BD7F193C2740D23F002FC5B9 /* Nkata */,
			);
		};
/* End PBXProject section */

/* Begin PBXResourcesBuildPhase section */
		BD7F193B2740D23F002FC5B9 /* Resources */ = {
			isa = PBXResourcesBuildPhase;
			buildActionMask = 2147483647;
			files = (
				BD7F194D2740D242002FC5B9 /* LaunchScreen.storyboard in Resources */,
				BD7F194A2740D242002FC5B9 /* Assets.xcassets in Resources */,
				BD7F19482740D23F002FC5B9 /* Main.storyboard in Resources */,
			);
			runOnlyForDeploymentPostprocessing = 0;
		};
/* End PBXResourcesBuildPhase section */

/* Begin PBXSourcesBuildPhase section */
		BD7F19392740D23F002FC5B9 /* Sources */ = {
			isa = PBXSourcesBuildPhase;
			buildActionMask = 2147483647;
			files = (
				BD7F195A2740D4DE002FC5B9 /* LoginViewController.swift in Sources */,
				BD7F195C2740D4EF002FC5B9 /* RegisterViewController.swift in Sources */,
				BD7F19622740D546002FC5B9 /* NewConversationViewController.swift in Sources */,
				BD7F19452740D23F002FC5B9 /* ConversationsViewController.swift in Sources */,
				BD7F19602740D523002FC5B9 /* VideoPlayerViewController.swift in Sources */,
				BD7F19412740D23F002FC5B9 /* AppDelegate.swift in Sources */,
				BD7F19642740D55A002FC5B9 /* ProfileViewController.swift in Sources */,
				BD7F19432740D23F002FC5B9 /* SceneDelegate.swift in Sources */,
				BD7F195E2740D50E002FC5B9 /* PhotoViewerViewController.swift in Sources */,
			);
			runOnlyForDeploymentPostprocessing = 0;
		};
/* End PBXSourcesBuildPhase section */

/* Begin PBXVariantGroup section */
		BD7F19462740D23F002FC5B9 /* Main.storyboard */ = {
			isa = PBXVariantGroup;
			children = (
				BD7F19472740D23F002FC5B9 /* Base */,
			);
			name = Main.storyboard;
			sourceTree = "<group>";
		};
		BD7F194B2740D242002FC5B9 /* LaunchScreen.storyboard */ = {
			isa = PBXVariantGroup;
			children = (
				BD7F194C2740D242002FC5B9 /* Base */,
			);
			name = LaunchScreen.storyboard;
			sourceTree = "<group>";
		};
/* End PBXVariantGroup section */

/* Begin XCBuildConfiguration section */
		BD7F194F2740D242002FC5B9 /* Debug */ = {
			isa = XCBuildConfiguration;
			buildSettings = {
				ALWAYS_SEARCH_USER_PATHS = NO;
				CLANG_ANALYZER_NONNULL = YES;
				CLANG_ANALYZER_NUMBER_OBJECT_CONVERSION = YES_AGGRESSIVE;
				CLANG_CXX_LANGUAGE_STANDARD = "gnu++17";
				CLANG_CXX_LIBRARY = "libc++";
				CLANG_ENABLE_MODULES = YES;
				CLANG_ENABLE_OBJC_ARC = YES;
				CLANG_ENABLE_OBJC_WEAK = YES;
				CLANG_WARN_BLOCK_CAPTURE_AUTORELEASING = YES;
				CLANG_WARN_BOOL_CONVERSION = YES;
				CLANG_WARN_COMMA = YES;
				CLANG_WARN_CONSTANT_CONVERSION = YES;
				CLANG_WARN_DEPRECATED_OBJC_IMPLEMENTATIONS = YES;
				CLANG_WARN_DIRECT_OBJC_ISA_USAGE = YES_ERROR;
				CLANG_WARN_DOCUMENTATION_COMMENTS = YES;
				CLANG_WARN_EMPTY_BODY = YES;
				CLANG_WARN_ENUM_CONVERSION = YES;
				CLANG_WARN_INFINITE_RECURSION = YES;
				CLANG_WARN_INT_CONVERSION = YES;
				CLANG_WARN_NON_LITERAL_NULL_CONVERSION = YES;
				CLANG_WARN_OBJC_IMPLICIT_RETAIN_SELF = YES;
				CLANG_WARN_OBJC_LITERAL_CONVERSION = YES;
				CLANG_WARN_OBJC_ROOT_CLASS = YES_ERROR;
				CLANG_WARN_QUOTED_INCLUDE_IN_FRAMEWORK_HEADER = YES;
				CLANG_WARN_RANGE_LOOP_ANALYSIS = YES;
				CLANG_WARN_STRICT_PROTOTYPES = YES;
				CLANG_WARN_SUSPICIOUS_MOVE = YES;
				CLANG_WARN_UNGUARDED_AVAILABILITY = YES_AGGRESSIVE;
				CLANG_WARN_UNREACHABLE_CODE = YES;
				CLANG_WARN__DUPLICATE_METHOD_MATCH = YES;
				COPY_PHASE_STRIP = NO;
				DEBUG_INFORMATION_FORMAT = dwarf;
				ENABLE_STRICT_OBJC_MSGSEND = YES;
				ENABLE_TESTABILITY = YES;
				GCC_C_LANGUAGE_STANDARD = gnu11;
				GCC_DYNAMIC_NO_PIC = NO;
				GCC_NO_COMMON_BLOCKS = YES;
				GCC_OPTIMIZATION_LEVEL = 0;
				GCC_PREPROCESSOR_DEFINITIONS = (
					"DEBUG=1",
					"$(inherited)",
				);
				GCC_WARN_64_TO_32_BIT_CONVERSION = YES;
				GCC_WARN_ABOUT_RETURN_TYPE = YES_ERROR;
				GCC_WARN_UNDECLARED_SELECTOR = YES;
				GCC_WARN_UNINITIALIZED_AUTOS = YES_AGGRESSIVE;
				GCC_WARN_UNUSED_FUNCTION = YES;
				GCC_WARN_UNUSED_VARIABLE = YES;
				IPHONEOS_DEPLOYMENT_TARGET = 15.0;
				MTL_ENABLE_DEBUG_INFO = INCLUDE_SOURCE;
				MTL_FAST_MATH = YES;
				ONLY_ACTIVE_ARCH = YES;
				SDKROOT = iphoneos;
				SWIFT_ACTIVE_COMPILATION_CONDITIONS = DEBUG;
				SWIFT_OPTIMIZATION_LEVEL = "-Onone";
			};
			name = Debug;
		};
		BD7F19502740D242002FC5B9 /* Release */ = {
			isa = XCBuildConfiguration;
			buildSettings = {
				ALWAYS_SEARCH_USER_PATHS = NO;
				CLANG_ANALYZER_NONNULL = YES;
				CLANG_ANALYZER_NUMBER_OBJECT_CONVERSION = YES_AGGRESSIVE;
				CLANG_CXX_LANGUAGE_STANDARD = "gnu++17";
				CLANG_CXX_LIBRARY = "libc++";
				CLANG_ENABLE_MODULES = YES;
				CLANG_ENABLE_OBJC_ARC = YES;
				CLANG_ENABLE_OBJC_WEAK = YES;
				CLANG_WARN_BLOCK_CAPTURE_AUTORELEASING = YES;
				CLANG_WARN_BOOL_CONVERSION = YES;
				CLANG_WARN_COMMA = YES;
				CLANG_WARN_CONSTANT_CONVERSION = YES;
				CLANG_WARN_DEPRECATED_OBJC_IMPLEMENTATIONS = YES;
				CLANG_WARN_DIRECT_OBJC_ISA_USAGE = YES_ERROR;
				CLANG_WARN_DOCUMENTATION_COMMENTS = YES;
				CLANG_WARN_EMPTY_BODY = YES;
				CLANG_WARN_ENUM_CONVERSION = YES;
				CLANG_WARN_INFINITE_RECURSION = YES;
				CLANG_WARN_INT_CONVERSION = YES;
				CLANG_WARN_NON_LITERAL_NULL_CONVERSION = YES;
				CLANG_WARN_OBJC_IMPLICIT_RETAIN_SELF = YES;
				CLANG_WARN_OBJC_LITERAL_CONVERSION = YES;
				CLANG_WARN_OBJC_ROOT_CLASS = YES_ERROR;
				CLANG_WARN_QUOTED_INCLUDE_IN_FRAMEWORK_HEADER = YES;
				CLANG_WARN_RANGE_LOOP_ANALYSIS = YES;
				CLANG_WARN_STRICT_PROTOTYPES = YES;
				CLANG_WARN_SUSPICIOUS_MOVE = YES;
				CLANG_WARN_UNGUARDED_AVAILABILITY = YES_AGGRESSIVE;
				CLANG_WARN_UNREACHABLE_CODE = YES;
				CLANG_WARN__DUPLICATE_METHOD_MATCH = YES;
				COPY_PHASE_STRIP = NO;
				DEBUG_INFORMATION_FORMAT = "dwarf-with-dsym";
				ENABLE_NS_ASSERTIONS = NO;
				ENABLE_STRICT_OBJC_MSGSEND = YES;
				GCC_C_LANGUAGE_STANDARD = gnu11;
				GCC_NO_COMMON_BLOCKS = YES;
				GCC_WARN_64_TO_32_BIT_CONVERSION = YES;
				GCC_WARN_ABOUT_RETURN_TYPE = YES_ERROR;
				GCC_WARN_UNDECLARED_SELECTOR = YES;
				GCC_WARN_UNINITIALIZED_AUTOS = YES_AGGRESSIVE;
				GCC_WARN_UNUSED_FUNCTION = YES;
				GCC_WARN_UNUSED_VARIABLE = YES;
				IPHONEOS_DEPLOYMENT_TARGET = 15.0;
				MTL_ENABLE_DEBUG_INFO = NO;
				MTL_FAST_MATH = YES;
				SDKROOT = iphoneos;
				SWIFT_COMPILATION_MODE = wholemodule;
				SWIFT_OPTIMIZATION_LEVEL = "-O";
				VALIDATE_PRODUCT = YES;
			};
			name = Release;
		};
		BD7F19522740D242002FC5B9 /* Debug */ = {
			isa = XCBuildConfiguration;
			buildSettings = {
				ASSETCATALOG_COMPILER_APPICON_NAME = AppIcon;
				ASSETCATALOG_COMPILER_GLOBAL_ACCENT_COLOR_NAME = AccentColor;
				CODE_SIGN_STYLE = Automatic;
				CURRENT_PROJECT_VERSION = 1;
				DEVELOPMENT_TEAM = A2AL553RHN;
				GENERATE_INFOPLIST_FILE = YES;
				INFOPLIST_FILE = Nkata/Info.plist;
				INFOPLIST_KEY_UIApplicationSupportsIndirectInputEvents = YES;
				INFOPLIST_KEY_UILaunchStoryboardName = LaunchScreen;
				INFOPLIST_KEY_UIMainStoryboardFile = Main;
				INFOPLIST_KEY_UISupportedInterfaceOrientations = UIInterfaceOrientationPortrait;
				INFOPLIST_KEY_UISupportedInterfaceOrientations_iPad = "UIInterfaceOrientationPortrait UIInterfaceOrientationPortraitUpsideDown UIInterfaceOrientationLandscapeLeft UIInterfaceOrientationLandscapeRight";
				INFOPLIST_KEY_UISupportedInterfaceOrientations_iPhone = "UIInterfaceOrientationPortrait UIInterfaceOrientationLandscapeLeft UIInterfaceOrientationLandscapeRight";
				IPHONEOS_DEPLOYMENT_TARGET = 13.0;
				LD_RUNPATH_SEARCH_PATHS = (
					"$(inherited)",
					"@executable_path/Frameworks",
				);
				MARKETING_VERSION = 1.0;
				PRODUCT_BUNDLE_IDENTIFIER = com.ikenna.Nkata;
				PRODUCT_NAME = "$(TARGET_NAME)";
				SWIFT_EMIT_LOC_STRINGS = YES;
				SWIFT_VERSION = 5.0;
				TARGETED_DEVICE_FAMILY = "1,2";
			};
			name = Debug;
		};
		BD7F19532740D242002FC5B9 /* Release */ = {
			isa = XCBuildConfiguration;
			buildSettings = {
				ASSETCATALOG_COMPILER_APPICON_NAME = AppIcon;
				ASSETCATALOG_COMPILER_GLOBAL_ACCENT_COLOR_NAME = AccentColor;
				CODE_SIGN_STYLE = Automatic;
				CURRENT_PROJECT_VERSION = 1;
				DEVELOPMENT_TEAM = A2AL553RHN;
				GENERATE_INFOPLIST_FILE = YES;
				INFOPLIST_FILE = Nkata/Info.plist;
				INFOPLIST_KEY_UIApplicationSupportsIndirectInputEvents = YES;
				INFOPLIST_KEY_UILaunchStoryboardName = LaunchScreen;
				INFOPLIST_KEY_UIMainStoryboardFile = Main;
				INFOPLIST_KEY_UISupportedInterfaceOrientations = UIInterfaceOrientationPortrait;
				INFOPLIST_KEY_UISupportedInterfaceOrientations_iPad = "UIInterfaceOrientationPortrait UIInterfaceOrientationPortraitUpsideDown UIInterfaceOrientationLandscapeLeft UIInterfaceOrientationLandscapeRight";
				INFOPLIST_KEY_UISupportedInterfaceOrientations_iPhone = "UIInterfaceOrientationPortrait UIInterfaceOrientationLandscapeLeft UIInterfaceOrientationLandscapeRight";
				IPHONEOS_DEPLOYMENT_TARGET = 13.0;
				LD_RUNPATH_SEARCH_PATHS = (
					"$(inherited)",
					"@executable_path/Frameworks",
				);
				MARKETING_VERSION = 1.0;
				PRODUCT_BUNDLE_IDENTIFIER = com.ikenna.Nkata;
				PRODUCT_NAME = "$(TARGET_NAME)";
				SWIFT_EMIT_LOC_STRINGS = YES;
				SWIFT_VERSION = 5.0;
				TARGETED_DEVICE_FAMILY = "1,2";
			};
			name = Release;
		};
/* End XCBuildConfiguration section */

/* Begin XCConfigurationList section */
		BD7F19382740D23F002FC5B9 /* Build configuration list for PBXProject "Nkata" */ = {
			isa = XCConfigurationList;
			buildConfigurations = (
				BD7F194F2740D242002FC5B9 /* Debug */,
				BD7F19502740D242002FC5B9 /* Release */,
			);
			defaultConfigurationIsVisible = 0;
			defaultConfigurationName = Release;
		};
		BD7F19512740D242002FC5B9 /* Build configuration list for PBXNativeTarget "Nkata" */ = {
			isa = XCConfigurationList;
			buildConfigurations = (
				BD7F19522740D242002FC5B9 /* Debug */,
				BD7F19532740D242002FC5B9 /* Release */,
			);
			defaultConfigurationIsVisible = 0;
			defaultConfigurationName = Release;
		};
/* End XCConfigurationList section */
	};
	rootObject = BD7F19352740D23F002FC5B9 /* Project object */;
}
